
Microsoft Visual Studio Solution File, Format Version 12.00
# Visual Studio Version 16
VisualStudioVersion = 16.0.31025.194
MinimumVisualStudioVersion = 10.0.40219.1
Project("{FAE04EC0-301F-11D3-BF4B-00C04F79EFBC}") = "SO_Exercises13.14.15_4.14.21", "SO_Exercises13.14.15_4.14.21\SO_Exercises13.14.15_4.14.21.csproj", "{BC3400F3-F87D-4420-B508-661E0ADA93C2}"
EndProject
Global
	GlobalSection(SolutionConfigurationPlatforms) = preSolution
		Debug|Any CPU = Debug|Any CPU
		Release|Any CPU = Release|Any CPU
	EndGlobalSection
	GlobalSection(ProjectConfigurationPlatforms) = postSolution
		{BC3400F3-F87D-4420-B508-661E0ADA93C2}.Debug|Any CPU.ActiveCfg = Debug|Any CPU
		{BC3400F3-F87D-4420-B508-661E0ADA93C2}.Debug|Any CPU.Build.0 = Debug|Any CPU
		{BC3400F3-F87D-4420-B508-661E0ADA93C2}.Release|Any CPU.ActiveCfg = Release|Any CPU
		{BC3400F3-F87D-4420-B508-661E0ADA93C2}.Release|Any CPU.Build.0 = Release|Any CPU
	EndGlobalSection
	GlobalSection(SolutionProperties) = preSolution
		HideSolutionNode = FALSE
	EndGlobalSection
	GlobalSection(ExtensibilityGlobals) = postSolution
		SolutionGuid = {B88F21A0-C947-4F14-AE46-D77B18873DEB}
	EndGlobalSection
EndGlobal
